# THIS IS AN AUTOGENERATED FILE. DO NOT EDIT THIS FILE DIRECTLY.
# yarn lockfile v1


"@types/node@*":
  version "14.14.3"
  resolved "https://registry.yarnpkg.com/@types/node/-/node-14.14.3.tgz#e1c09064121f894baaad2bd9f12ce4a41bffb274"
  integrity sha512-33/L34xS7HVUx23e0wOT2V1qPF1IrHgQccdJVm9uXGTB9vFBrrzBtkQymT8VskeKOxjz55MSqMv0xuLq+u98WQ==

"@types/redis@^2.8.18":
  version "2.8.28"
  resolved "https://registry.yarnpkg.com/@types/redis/-/redis-2.8.28.tgz#5862b2b64aa7f7cbc76dafd7e6f06992b52c55e3"
  integrity sha512-8l2gr2OQ969ypa7hFOeKqtFoY70XkHxISV0pAwmQ2nm6CSPb1brmTmqJCGGrekCo+pAZyWlNXr+Kvo6L/1wijA==
  dependencies:
    "@types/node" "*"

async@2.1.x:
  version "2.1.5"
  resolved "https://registry.yarnpkg.com/async/-/async-2.1.5.tgz#e587c68580994ac67fc56ff86d3ac56bdbe810bc"
  integrity sha1-5YfGhYCZSsZ/xW/4bTrFa9voELw=
  dependencies:
    lodash "^4.14.0"

bindings@*:
  version "1.5.0"
  resolved "https://registry.yarnpkg.com/bindings/-/bindings-1.5.0.tgz#10353c9e945334bc0511a6d90b38fbc7c9c504df"
  integrity sha512-p2q/t/mhvuOj/UeLlV6566GD/guowlr0hHxClI0W9m7MWYkL1F0hLo+0Aexs9HSPCtR1SXQ0TD3MMKrXZajbiQ==
  dependencies:
    file-uri-to-path "1.0.0"

colors@1.1.x:
  version "1.1.2"
  resolved "https://registry.yarnpkg.com/colors/-/colors-1.1.2.tgz#168a4701756b6a7f51a12ce0c97bfa28c084ed63"
  integrity sha1-FopHAXVran9RoSzgyXv6KMCE7WM=

denque@^1.4.1:
  version "1.4.1"
  resolved "https://registry.yarnpkg.com/denque/-/denque-1.4.1.tgz#6744ff7641c148c3f8a69c307e51235c1f4a37cf"
  integrity sha512-OfzPuSZKGcgr96rf1oODnfjqBFmr1DVoc/TrItj3Ohe0Ah1C5WX5Baquw/9U9KovnQ88EqmJbD66rKYUQYN1tQ==

double-ended-queue@^2.1.0-0:
  version "2.1.0-0"
  resolved "https://registry.yarnpkg.com/double-ended-queue/-/double-ended-queue-2.1.0-0.tgz#103d3527fd31528f40188130c841efdd78264e5c"
  integrity sha1-ED01J/0xUo9AGIEwyEHv3XgmTlw=

extend@3.0.x:
  version "3.0.2"
  resolved "https://registry.yarnpkg.com/extend/-/extend-3.0.2.tgz#f8b1136b4071fbd8eb140aff858b1019ec2915fa"
  integrity sha512-fjquC59cD7CyW6urNXK0FBufkZcoiGG80wTuPujX590cB5Ttln20E2UB4S/WARVqhXffZl2LNgS+gQdPIIim/g==

file-uri-to-path@1.0.0:
  version "1.0.0"
  resolved "https://registry.yarnpkg.com/file-uri-to-path/-/file-uri-to-path-1.0.0.tgz#553a7b8446ff6f684359c445f1e37a05dacc33dd"
  integrity sha512-0Zt+s3L7Vf1biwWZ29aARiVYLx7iMGnEUl9x33fbB/j3jR81u/O2LbqK+Bm1CDSNDKVtJ/YjwY7TUd5SkeLQLw==

hiredis@^0.4.1:
  version "0.4.1"
  resolved "https://registry.yarnpkg.com/hiredis/-/hiredis-0.4.1.tgz#aab4dcfd0fc4cbdb219d268005f2335a3c639e8f"
  integrity sha1-qrTc/Q/Ey9shnSaABfIzWjxjno8=
  dependencies:
    bindings "*"
    nan "^2.0.5"

lodash@4.x, lodash@^4.14.0, lodash@^4.17.15, lodash@^4.6.1:
  version "4.17.20"
  resolved "https://registry.yarnpkg.com/lodash/-/lodash-4.17.20.tgz#b44a9b6297bcb698f1c51a3545a2b3b368d59c52"
  integrity sha512-PlhdFcillOINfeV7Ni6oF1TAEayyZBoZ8bcshTHqOYJYlrqzRK5hagpagky5o4HfCzzd1TRkXPMFq6cKk9rGmA==

mpbasic@0.0.x:
  version "0.0.18"
  resolved "https://registry.yarnpkg.com/mpbasic/-/mpbasic-0.0.18.tgz#f459ba1dc95cca13e5f8003882700d0926a53c00"
  integrity sha1-9Fm6HclcyhPl+AA4gnANCSalPAA=
  dependencies:
    colors "1.1.x"
    extend "3.0.x"
    lodash "4.x"

nan@^2.0.5:
  version "2.14.2"
  resolved "https://registry.yarnpkg.com/nan/-/nan-2.14.2.tgz#f5376400695168f4cc694ac9393d0c9585eeea19"
  integrity sha512-M2ufzIiINKCuDfBSAUr1vWQ+vuVcA9kqx8JJUsbQi6yf1uGRyb7HfpdfUr5qLXf3B/t8dPvcjhKMmlfnP47EzQ==

redis-commands@^1.2.0, redis-commands@^1.5.0:
  version "1.6.0"
  resolved "https://registry.yarnpkg.com/redis-commands/-/redis-commands-1.6.0.tgz#36d4ca42ae9ed29815cdb30ad9f97982eba1ce23"
  integrity sha512-2jnZ0IkjZxvguITjFTrGiLyzQZcTvaw8DAaCXxZq/dsHXz7KfMQ3OUJy7Tz9vnRtZRVz6VRCPDvruvU8Ts44wQ==

redis-errors@^1.0.0, redis-errors@^1.2.0:
  version "1.2.0"
  resolved "https://registry.yarnpkg.com/redis-errors/-/redis-errors-1.2.0.tgz#eb62d2adb15e4eaf4610c04afe1529384250abad"
  integrity sha1-62LSrbFeTq9GEMBK/hUpOEJQq60=

redis-parser@^2.6.0:
  version "2.6.0"
  resolved "https://registry.yarnpkg.com/redis-parser/-/redis-parser-2.6.0.tgz#52ed09dacac108f1a631c07e9b69941e7a19504b"
  integrity sha1-Uu0J2srBCPGmMcB+m2mUHnoZUEs=

redis-parser@^3.0.0:
  version "3.0.0"
  resolved "https://registry.yarnpkg.com/redis-parser/-/redis-parser-3.0.0.tgz#b66d828cdcafe6b4b8a428a7def4c6bcac31c8b4"
  integrity sha1-tm2CjNyv5rS4pCin3vTGvKwxyLQ=
  dependencies:
    redis-errors "^1.0.0"

redis@^2.5.3:
  version "2.8.0"
  resolved "https://registry.yarnpkg.com/redis/-/redis-2.8.0.tgz#202288e3f58c49f6079d97af7a10e1303ae14b02"
  integrity sha512-M1OkonEQwtRmZv4tEWF2VgpG0JWJ8Fv1PhlgT5+B+uNq2cA3Rt1Yt/ryoR+vQNOQcIEgdCdfH0jr3bDpihAw1A==
  dependencies:
    double-ended-queue "^2.1.0-0"
    redis-commands "^1.2.0"
    redis-parser "^2.6.0"

redis@^3.0.2:
  version "3.0.2"
  resolved "https://registry.yarnpkg.com/redis/-/redis-3.0.2.tgz#bd47067b8a4a3e6a2e556e57f71cc82c7360150a"
  integrity sha512-PNhLCrjU6vKVuMOyFu7oSP296mwBkcE6lrAjruBYG5LgdSqtRBoVQIylrMyVZD/lkF24RSNNatzvYag6HRBHjQ==
  dependencies:
    denque "^1.4.1"
    redis-commands "^1.5.0"
    redis-errors "^1.2.0"
    redis-parser "^3.0.0"

rsmq-worker@^0.5.2:
  version "0.5.2"
  resolved "https://registry.yarnpkg.com/rsmq-worker/-/rsmq-worker-0.5.2.tgz#8ec4f9a119d6ec09478bf9c3b5349a63b4ba4f48"
  integrity sha1-jsT5oRnW7AlHi/nDtTSaY7S6T0g=
  dependencies:
    async "2.1.x"
    lodash "4.x"
    mpbasic "0.0.x"
    rsmq "0.7.x"

rsmq@0.7.x:
  version "0.7.2"
  resolved "https://registry.yarnpkg.com/rsmq/-/rsmq-0.7.2.tgz#a0d1ee0058897dc48a2e90802fb664cb27e5c935"
  integrity sha1-oNHuAFiJfcSKLpCAL7ZkyyflyTU=
  dependencies:
    lodash "^4.6.1"
    redis "^2.5.3"
  optionalDependencies:
    hiredis "^0.4.1"

rsmq@^0.12.2:
  version "0.12.2"
  resolved "https://registry.yarnpkg.com/rsmq/-/rsmq-0.12.2.tgz#349d59eefe47682c1e28f7d91c82080ae463cf9a"
  integrity sha512-Rr1S/YH3hQ1X4rLSkHXL9odEJldE/wtfvZxPAMRyNR3Bb5d6wiRERIAaM6CfINNd9V2H/wdoC/yNixiv+Ehvjw==
  dependencies:
    "@types/redis" "^2.8.18"
    lodash "^4.17.15"
    redis "^3.0.2"
